
Microsoft Visual Studio Solution File, Format Version 12.00
# Visual Studio Version 17
VisualStudioVersion = 17.0.31903.59
MinimumVisualStudioVersion = 10.0.40219.1
Project("{2150E333-8FDC-42A3-9474-1A3956D46DE8}") = "src", "src", "{9FB0AA15-8B08-4679-A893-40005F559CE0}"
EndProject
Project("{FAE04EC0-301F-11D3-BF4B-00C04F79EFBC}") = "BowlingScore", "src\BowlingScore\BowlingScore.csproj", "{AEA98BAC-CB34-4019-8799-3D9E5D2B0C75}"
EndProject
Project("{2150E333-8FDC-42A3-9474-1A3956D46DE8}") = "test", "test", "{9066E259-E8AD-4DDB-A208-AC0A1233B764}"
EndProject
Project("{FAE04EC0-301F-11D3-BF4B-00C04F79EFBC}") = "UnitTests.BowlingScore", "test\UnitTests.BowlingScore\UnitTests.BowlingScore.csproj", "{35B51F77-283F-403F-B5A5-21B6AE7232EC}"
EndProject
Global
	GlobalSection(SolutionConfigurationPlatforms) = preSolution
		Debug|Any CPU = Debug|Any CPU
		Release|Any CPU = Release|Any CPU
	EndGlobalSection
	GlobalSection(SolutionProperties) = preSolution
		HideSolutionNode = FALSE
	EndGlobalSection
	GlobalSection(ProjectConfigurationPlatforms) = postSolution
		{AEA98BAC-CB34-4019-8799-3D9E5D2B0C75}.Debug|Any CPU.ActiveCfg = Debug|Any CPU
		{AEA98BAC-CB34-4019-8799-3D9E5D2B0C75}.Debug|Any CPU.Build.0 = Debug|Any CPU
		{AEA98BAC-CB34-4019-8799-3D9E5D2B0C75}.Release|Any CPU.ActiveCfg = Release|Any CPU
		{AEA98BAC-CB34-4019-8799-3D9E5D2B0C75}.Release|Any CPU.Build.0 = Release|Any CPU
		{35B51F77-283F-403F-B5A5-21B6AE7232EC}.Debug|Any CPU.ActiveCfg = Debug|Any CPU
		{35B51F77-283F-403F-B5A5-21B6AE7232EC}.Debug|Any CPU.Build.0 = Debug|Any CPU
		{35B51F77-283F-403F-B5A5-21B6AE7232EC}.Release|Any CPU.ActiveCfg = Release|Any CPU
		{35B51F77-283F-403F-B5A5-21B6AE7232EC}.Release|Any CPU.Build.0 = Release|Any CPU
	EndGlobalSection
	GlobalSection(NestedProjects) = preSolution
		{AEA98BAC-CB34-4019-8799-3D9E5D2B0C75} = {9FB0AA15-8B08-4679-A893-40005F559CE0}
		{35B51F77-283F-403F-B5A5-21B6AE7232EC} = {9066E259-E8AD-4DDB-A208-AC0A1233B764}
	EndGlobalSection
EndGlobal
